
Microsoft Visual Studio Solution File, Format Version 12.00
# Visual Studio 15
VisualStudioVersion = 15.0.28307.271
MinimumVisualStudioVersion = 10.0.40219.1
Project("{FAE04EC0-301F-11D3-BF4B-00C04F79EFBC}") = "ContosoUniversity", "ContosoUniversity\ContosoUniversity.csproj", "{9922A508-74F6-4767-94AC-057158CBE61A}"
EndProject
Global
	GlobalSection(SolutionConfigurationPlatforms) = preSolution
		Debug|Any CPU = Debug|Any CPU
		Release|Any CPU = Release|Any CPU
	EndGlobalSection
	GlobalSection(ProjectConfigurationPlatforms) = postSolution
		{9922A508-74F6-4767-94AC-057158CBE61A}.Debug|Any CPU.ActiveCfg = Debug|Any CPU
		{9922A508-74F6-4767-94AC-057158CBE61A}.Debug|Any CPU.Build.0 = Debug|Any CPU
		{9922A508-74F6-4767-94AC-057158CBE61A}.Release|Any CPU.ActiveCfg = Release|Any CPU
		{9922A508-74F6-4767-94AC-057158CBE61A}.Release|Any CPU.Build.0 = Release|Any CPU
	EndGlobalSection
	GlobalSection(SolutionProperties) = preSolution
		HideSolutionNode = FALSE
	EndGlobalSection
	GlobalSection(ExtensibilityGlobals) = postSolution
		SolutionGuid = {343EC40B-86F2-40D6-BF88-D24125C9F845}
	EndGlobalSection
EndGlobal
